// !$*UTF8*$!
{
	archiveVersion = 1;
	classes = {
	};
	objectVersion = 50;
	objects = {

/* Begin PBXBuildFile section */
		0362435D264A0DE100B53D88 /* SwiftUI_DemoApp.swift in Sources */ = {isa = PBXBuildFile; fileRef = 0362435C264A0DE100B53D88 /* SwiftUI_DemoApp.swift */; };
		0362435F264A0DE100B53D88 /* ContentView.swift in Sources */ = {isa = PBXBuildFile; fileRef = 0362435E264A0DE100B53D88 /* ContentView.swift */; };
		03624361264A0DE200B53D88 /* Assets.xcassets in Resources */ = {isa = PBXBuildFile; fileRef = 03624360264A0DE200B53D88 /* Assets.xcassets */; };
		03624364264A0DE200B53D88 /* Preview Assets.xcassets in Resources */ = {isa = PBXBuildFile; fileRef = 03624363264A0DE200B53D88 /* Preview Assets.xcassets */; };
		0362436F264A0DE200B53D88 /* SwiftUI_DemoTests.swift in Sources */ = {isa = PBXBuildFile; fileRef = 0362436E264A0DE200B53D88 /* SwiftUI_DemoTests.swift */; };
		0362437A264A0DE200B53D88 /* SwiftUI_DemoUITests.swift in Sources */ = {isa = PBXBuildFile; fileRef = 03624379264A0DE200B53D88 /* SwiftUI_DemoUITests.swift */; };
/* End PBXBuildFile section */

/* Begin PBXContainerItemProxy section */
		0362436B264A0DE200B53D88 /* PBXContainerItemProxy */ = {
			isa = PBXContainerItemProxy;
			containerPortal = 03624351264A0DE100B53D88 /* Project object */;
			proxyType = 1;
			remoteGlobalIDString = 03624358264A0DE100B53D88;
			remoteInfo = "SwiftUI Demo";
		};
		03624376264A0DE200B53D88 /* PBXContainerItemProxy */ = {
			isa = PBXContainerItemProxy;
			containerPortal = 03624351264A0DE100B53D88 /* Project object */;
			proxyType = 1;
			remoteGlobalIDString = 03624358264A0DE100B53D88;
			remoteInfo = "SwiftUI Demo";
		};
/* End PBXContainerItemProxy section */

/* Begin PBXFileReference section */
		03624359264A0DE100B53D88 /* SwiftUI Demo.app */ = {isa = PBXFileReference; explicitFileType = wrapper.application; includeInIndex = 0; path = "SwiftUI Demo.app"; sourceTree = BUILT_PRODUCTS_DIR; };
		0362435C264A0DE100B53D88 /* SwiftUI_DemoApp.swift */ = {isa = PBXFileReference; lastKnownFileType = sourcecode.swift; path = SwiftUI_DemoApp.swift; sourceTree = "<group>"; };
		0362435E264A0DE100B53D88 /* ContentView.swift */ = {isa = PBXFileReference; lastKnownFileType = sourcecode.swift; path = ContentView.swift; sourceTree = "<group>"; };
		03624360264A0DE200B53D88 /* Assets.xcassets */ = {isa = PBXFileReference; lastKnownFileType = folder.assetcatalog; path = Assets.xcassets; sourceTree = "<group>"; };
		03624363264A0DE200B53D88 /* Preview Assets.xcassets */ = {isa = PBXFileReference; lastKnownFileType = folder.assetcatalog; path = "Preview Assets.xcassets"; sourceTree = "<group>"; };
		03624365264A0DE200B53D88 /* Info.plist */ = {isa = PBXFileReference; lastKnownFileType = text.plist.xml; path = Info.plist; sourceTree = "<group>"; };
		0362436A264A0DE200B53D88 /* SwiftUI DemoTests.xctest */ = {isa = PBXFileReference; explicitFileType = wrapper.cfbundle; includeInIndex = 0; path = "SwiftUI DemoTests.xctest"; sourceTree = BUILT_PRODUCTS_DIR; };
		0362436E264A0DE200B53D88 /* SwiftUI_DemoTests.swift */ = {isa = PBXFileReference; lastKnownFileType = sourcecode.swift; path = SwiftUI_DemoTests.swift; sourceTree = "<group>"; };
		03624370264A0DE200B53D88 /* Info.plist */ = {isa = PBXFileReference; lastKnownFileType = text.plist.xml; path = Info.plist; sourceTree = "<group>"; };
		03624375264A0DE200B53D88 /* SwiftUI DemoUITests.xctest */ = {isa = PBXFileReference; explicitFileType = wrapper.cfbundle; includeInIndex = 0; path = "SwiftUI DemoUITests.xctest"; sourceTree = BUILT_PRODUCTS_DIR; };
		03624379264A0DE200B53D88 /* SwiftUI_DemoUITests.swift */ = {isa = PBXFileReference; lastKnownFileType = sourcecode.swift; path = SwiftUI_DemoUITests.swift; sourceTree = "<group>"; };
		0362437B264A0DE200B53D88 /* Info.plist */ = {isa = PBXFileReference; lastKnownFileType = text.plist.xml; path = Info.plist; sourceTree = "<group>"; };
/* End PBXFileReference section */

/* Begin PBXFrameworksBuildPhase section */
		03624356264A0DE100B53D88 /* Frameworks */ = {
			isa = PBXFrameworksBuildPhase;
			buildActionMask = 2147483647;
			files = (
			);
			runOnlyForDeploymentPostprocessing = 0;
		};
		03624367264A0DE200B53D88 /* Frameworks */ = {
			isa = PBXFrameworksBuildPhase;
			buildActionMask = 2147483647;
			files = (
			);
			runOnlyForDeploymentPostprocessing = 0;
		};
		03624372264A0DE200B53D88 /* Frameworks */ = {
			isa = PBXFrameworksBuildPhase;
			buildActionMask = 2147483647;
			files = (
			);
			runOnlyForDeploymentPostprocessing = 0;
		};
/* End PBXFrameworksBuildPhase section */

/* Begin PBXGroup section */
		03624350264A0DE100B53D88 = {
			isa = PBXGroup;
			children = (
				0362435B264A0DE100B53D88 /* SwiftUI Demo */,
				0362436D264A0DE200B53D88 /* SwiftUI DemoTests */,
				03624378264A0DE200B53D88 /* SwiftUI DemoUITests */,
				0362435A264A0DE100B53D88 /* Products */,
			);
			sourceTree = "<group>";
		};
		0362435A264A0DE100B53D88 /* Products */ = {
			isa = PBXGroup;
			children = (
				03624359264A0DE100B53D88 /* SwiftUI Demo.app */,
				0362436A264A0DE200B53D88 /* SwiftUI DemoTests.xctest */,
				03624375264A0DE200B53D88 /* SwiftUI DemoUITests.xctest */,
			);
			name = Products;
			sourceTree = "<group>";
		};
		0362435B264A0DE100B53D88 /* SwiftUI Demo */ = {
			isa = PBXGroup;
			children = (
				0362435C264A0DE100B53D88 /* SwiftUI_DemoApp.swift */,
				0362435E264A0DE100B53D88 /* ContentView.swift */,
				03624360264A0DE200B53D88 /* Assets.xcassets */,
				03624365264A0DE200B53D88 /* Info.plist */,
				03624362264A0DE200B53D88 /* Preview Content */,
			);
			path = "SwiftUI Demo";
			sourceTree = "<group>";
		};
		03624362264A0DE200B53D88 /* Preview Content */ = {
			isa = PBXGroup;
			children = (
				03624363264A0DE200B53D88 /* Preview Assets.xcassets */,
			);
			path = "Preview Content";
			sourceTree = "<group>";
		};
		0362436D264A0DE200B53D88 /* SwiftUI DemoTests */ = {
			isa = PBXGroup;
			children = (
				0362436E264A0DE200B53D88 /* SwiftUI_DemoTests.swift */,
				03624370264A0DE200B53D88 /* Info.plist */,
			);
			path = "SwiftUI DemoTests";
			sourceTree = "<group>";
		};
		03624378264A0DE200B53D88 /* SwiftUI DemoUITests */ = {
			isa = PBXGroup;
			children = (
				03624379264A0DE200B53D88 /* SwiftUI_DemoUITests.swift */,
				0362437B264A0DE200B53D88 /* Info.plist */,
			);
			path = "SwiftUI DemoUITests";
			sourceTree = "<group>";
		};
/* End PBXGroup section */

/* Begin PBXNativeTarget section */
		03624358264A0DE100B53D88 /* SwiftUI Demo */ = {
			isa = PBXNativeTarget;
			buildConfigurationList = 0362437E264A0DE200B53D88 /* Build configuration list for PBXNativeTarget "SwiftUI Demo" */;
			buildPhases = (
				03624355264A0DE100B53D88 /* Sources */,
				03624356264A0DE100B53D88 /* Frameworks */,
				03624357264A0DE100B53D88 /* Resources */,
			);
			buildRules = (
			);
			dependencies = (
			);
			name = "SwiftUI Demo";
			productName = "SwiftUI Demo";
			productReference = 03624359264A0DE100B53D88 /* SwiftUI Demo.app */;
			productType = "com.apple.product-type.application";
		};
		03624369264A0DE200B53D88 /* SwiftUI DemoTests */ = {
			isa = PBXNativeTarget;
			buildConfigurationList = 03624381264A0DE200B53D88 /* Build configuration list for PBXNativeTarget "SwiftUI DemoTests" */;
			buildPhases = (
				03624366264A0DE200B53D88 /* Sources */,
				03624367264A0DE200B53D88 /* Frameworks */,
				03624368264A0DE200B53D88 /* Resources */,
			);
			buildRules = (
			);
			dependencies = (
				0362436C264A0DE200B53D88 /* PBXTargetDependency */,
			);
			name = "SwiftUI DemoTests";
			productName = "SwiftUI DemoTests";
			productReference = 0362436A264A0DE200B53D88 /* SwiftUI DemoTests.xctest */;
			productType = "com.apple.product-type.bundle.unit-test";
		};
		03624374264A0DE200B53D88 /* SwiftUI DemoUITests */ = {
			isa = PBXNativeTarget;
			buildConfigurationList = 03624384264A0DE200B53D88 /* Build configuration list for PBXNativeTarget "SwiftUI DemoUITests" */;
			buildPhases = (
				03624371264A0DE200B53D88 /* Sources */,
				03624372264A0DE200B53D88 /* Frameworks */,
				03624373264A0DE200B53D88 /* Resources */,
			);
			buildRules = (
			);
			dependencies = (
				03624377264A0DE200B53D88 /* PBXTargetDependency */,
			);
			name = "SwiftUI DemoUITests";
			productName = "SwiftUI DemoUITests";
			productReference = 03624375264A0DE200B53D88 /* SwiftUI DemoUITests.xctest */;
			productType = "com.apple.product-type.bundle.ui-testing";
		};
/* End PBXNativeTarget section */

/* Begin PBXProject section */
		03624351264A0DE100B53D88 /* Project object */ = {
			isa = PBXProject;
			attributes = {
				LastSwiftUpdateCheck = 1250;
				LastUpgradeCheck = 1250;
				TargetAttributes = {
					03624358264A0DE100B53D88 = {
						CreatedOnToolsVersion = 12.5;
					};
					03624369264A0DE200B53D88 = {
						CreatedOnToolsVersion = 12.5;
						TestTargetID = 03624358264A0DE100B53D88;
					};
					03624374264A0DE200B53D88 = {
						CreatedOnToolsVersion = 12.5;
						TestTargetID = 03624358264A0DE100B53D88;
					};
				};
			};
			buildConfigurationList = 03624354264A0DE100B53D88 /* Build configuration list for PBXProject "SwiftUI Demo" */;
			compatibilityVersion = "Xcode 9.3";
			developmentRegion = en;
			hasScannedForEncodings = 0;
			knownRegions = (
				en,
				Base,
			);
			mainGroup = 03624350264A0DE100B53D88;
			productRefGroup = 0362435A264A0DE100B53D88 /* Products */;
			projectDirPath = "";
			projectRoot = "";
			targets = (
				03624358264A0DE100B53D88 /* SwiftUI Demo */,
				03624369264A0DE200B53D88 /* SwiftUI DemoTests */,
				03624374264A0DE200B53D88 /* SwiftUI DemoUITests */,
			);
		};
/* End PBXProject section */

/* Begin PBXResourcesBuildPhase section */
		03624357264A0DE100B53D88 /* Resources */ = {
			isa = PBXResourcesBuildPhase;
			buildActionMask = 2147483647;
			files = (
				03624364264A0DE200B53D88 /* Preview Assets.xcassets in Resources */,
				03624361264A0DE200B53D88 /* Assets.xcassets in Resources */,
			);
			runOnlyForDeploymentPostprocessing = 0;
		};
		03624368264A0DE200B53D88 /* Resources */ = {
			isa = PBXResourcesBuildPhase;
			buildActionMask = 2147483647;
			files = (
			);
			runOnlyForDeploymentPostprocessing = 0;
		};
		03624373264A0DE200B53D88 /* Resources */ = {
			isa = PBXResourcesBuildPhase;
			buildActionMask = 2147483647;
			files = (
			);
			runOnlyForDeploymentPostprocessing = 0;
		};
/* End PBXResourcesBuildPhase section */

/* Begin PBXSourcesBuildPhase section */
		03624355264A0DE100B53D88 /* Sources */ = {
			isa = PBXSourcesBuildPhase;
			buildActionMask = 2147483647;
			files = (
				0362435F264A0DE100B53D88 /* ContentView.swift in Sources */,
				0362435D264A0DE100B53D88 /* SwiftUI_DemoApp.swift in Sources */,
			);
			runOnlyForDeploymentPostprocessing = 0;
		};
		03624366264A0DE200B53D88 /* Sources */ = {
			isa = PBXSourcesBuildPhase;
			buildActionMask = 2147483647;
			files = (
				0362436F264A0DE200B53D88 /* SwiftUI_DemoTests.swift in Sources */,
			);
			runOnlyForDeploymentPostprocessing = 0;
		};
		03624371264A0DE200B53D88 /* Sources */ = {
			isa = PBXSourcesBuildPhase;
			buildActionMask = 2147483647;
			files = (
				0362437A264A0DE200B53D88 /* SwiftUI_DemoUITests.swift in Sources */,
			);
			runOnlyForDeploymentPostprocessing = 0;
		};
/* End PBXSourcesBuildPhase section */

/* Begin PBXTargetDependency section */
		0362436C264A0DE200B53D88 /* PBXTargetDependency */ = {
			isa = PBXTargetDependency;
			target = 03624358264A0DE100B53D88 /* SwiftUI Demo */;
			targetProxy = 0362436B264A0DE200B53D88 /* PBXContainerItemProxy */;
		};
		03624377264A0DE200B53D88 /* PBXTargetDependency */ = {
			isa = PBXTargetDependency;
			target = 03624358264A0DE100B53D88 /* SwiftUI Demo */;
			targetProxy = 03624376264A0DE200B53D88 /* PBXContainerItemProxy */;
		};
/* End PBXTargetDependency section */

/* Begin XCBuildConfiguration section */
		0362437C264A0DE200B53D88 /* Debug */ = {
			isa = XCBuildConfiguration;
			buildSettings = {
				ALWAYS_SEARCH_USER_PATHS = NO;
				CLANG_ANALYZER_NONNULL = YES;
				CLANG_ANALYZER_NUMBER_OBJECT_CONVERSION = YES_AGGRESSIVE;
				CLANG_CXX_LANGUAGE_STANDARD = "gnu++14";
				CLANG_CXX_LIBRARY = "libc++";
				CLANG_ENABLE_MODULES = YES;
				CLANG_ENABLE_OBJC_ARC = YES;
				CLANG_ENABLE_OBJC_WEAK = YES;
				CLANG_WARN_BLOCK_CAPTURE_AUTORELEASING = YES;
				CLANG_WARN_BOOL_CONVERSION = YES;
				CLANG_WARN_COMMA = YES;
				CLANG_WARN_CONSTANT_CONVERSION = YES;
				CLANG_WARN_DEPRECATED_OBJC_IMPLEMENTATIONS = YES;
				CLANG_WARN_DIRECT_OBJC_ISA_USAGE = YES_ERROR;
				CLANG_WARN_DOCUMENTATION_COMMENTS = YES;
				CLANG_WARN_EMPTY_BODY = YES;
				CLANG_WARN_ENUM_CONVERSION = YES;
				CLANG_WARN_INFINITE_RECURSION = YES;
				CLANG_WARN_INT_CONVERSION = YES;
				CLANG_WARN_NON_LITERAL_NULL_CONVERSION = YES;
				CLANG_WARN_OBJC_IMPLICIT_RETAIN_SELF = YES;
				CLANG_WARN_OBJC_LITERAL_CONVERSION = YES;
				CLANG_WARN_OBJC_ROOT_CLASS = YES_ERROR;
				CLANG_WARN_QUOTED_INCLUDE_IN_FRAMEWORK_HEADER = YES;
				CLANG_WARN_RANGE_LOOP_ANALYSIS = YES;
				CLANG_WARN_STRICT_PROTOTYPES = YES;
				CLANG_WARN_SUSPICIOUS_MOVE = YES;
				CLANG_WARN_UNGUARDED_AVAILABILITY = YES_AGGRESSIVE;
				CLANG_WARN_UNREACHABLE_CODE = YES;
				CLANG_WARN__DUPLICATE_METHOD_MATCH = YES;
				COPY_PHASE_STRIP = NO;
				DEBUG_INFORMATION_FORMAT = dwarf;
				ENABLE_STRICT_OBJC_MSGSEND = YES;
				ENABLE_TESTABILITY = YES;
				GCC_C_LANGUAGE_STANDARD = gnu11;
				GCC_DYNAMIC_NO_PIC = NO;
				GCC_NO_COMMON_BLOCKS = YES;
				GCC_OPTIMIZATION_LEVEL = 0;
				GCC_PREPROCESSOR_DEFINITIONS = (
					"DEBUG=1",
					"$(inherited)",
				);
				GCC_WARN_64_TO_32_BIT_CONVERSION = YES;
				GCC_WARN_ABOUT_RETURN_TYPE = YES_ERROR;
				GCC_WARN_UNDECLARED_SELECTOR = YES;
				GCC_WARN_UNINITIALIZED_AUTOS = YES_AGGRESSIVE;
				GCC_WARN_UNUSED_FUNCTION = YES;
				GCC_WARN_UNUSED_VARIABLE = YES;
				IPHONEOS_DEPLOYMENT_TARGET = 14.5;
				MTL_ENABLE_DEBUG_INFO = INCLUDE_SOURCE;
				MTL_FAST_MATH = YES;
				ONLY_ACTIVE_ARCH = YES;
				SDKROOT = iphoneos;
				SWIFT_ACTIVE_COMPILATION_CONDITIONS = DEBUG;
				SWIFT_OPTIMIZATION_LEVEL = "-Onone";
			};
			name = Debug;
		};
		0362437D264A0DE200B53D88 /* Release */ = {
			isa = XCBuildConfiguration;
			buildSettings = {
				ALWAYS_SEARCH_USER_PATHS = NO;
				CLANG_ANALYZER_NONNULL = YES;
				CLANG_ANALYZER_NUMBER_OBJECT_CONVERSION = YES_AGGRESSIVE;
				CLANG_CXX_LANGUAGE_STANDARD = "gnu++14";
				CLANG_CXX_LIBRARY = "libc++";
				CLANG_ENABLE_MODULES = YES;
				CLANG_ENABLE_OBJC_ARC = YES;
				CLANG_ENABLE_OBJC_WEAK = YES;
				CLANG_WARN_BLOCK_CAPTURE_AUTORELEASING = YES;
				CLANG_WARN_BOOL_CONVERSION = YES;
				CLANG_WARN_COMMA = YES;
				CLANG_WARN_CONSTANT_CONVERSION = YES;
				CLANG_WARN_DEPRECATED_OBJC_IMPLEMENTATIONS = YES;
				CLANG_WARN_DIRECT_OBJC_ISA_USAGE = YES_ERROR;
				CLANG_WARN_DOCUMENTATION_COMMENTS = YES;
				CLANG_WARN_EMPTY_BODY = YES;
				CLANG_WARN_ENUM_CONVERSION = YES;
				CLANG_WARN_INFINITE_RECURSION = YES;
				CLANG_WARN_INT_CONVERSION = YES;
				CLANG_WARN_NON_LITERAL_NULL_CONVERSION = YES;
				CLANG_WARN_OBJC_IMPLICIT_RETAIN_SELF = YES;
				CLANG_WARN_OBJC_LITERAL_CONVERSION = YES;
				CLANG_WARN_OBJC_ROOT_CLASS = YES_ERROR;
				CLANG_WARN_QUOTED_INCLUDE_IN_FRAMEWORK_HEADER = YES;
				CLANG_WARN_RANGE_LOOP_ANALYSIS = YES;
				CLANG_WARN_STRICT_PROTOTYPES = YES;
				CLANG_WARN_SUSPICIOUS_MOVE = YES;
				CLANG_WARN_UNGUARDED_AVAILABILITY = YES_AGGRESSIVE;
				CLANG_WARN_UNREACHABLE_CODE = YES;
				CLANG_WARN__DUPLICATE_METHOD_MATCH = YES;
				COPY_PHASE_STRIP = NO;
				DEBUG_INFORMATION_FORMAT = "dwarf-with-dsym";
				ENABLE_NS_ASSERTIONS = NO;
				ENABLE_STRICT_OBJC_MSGSEND = YES;
				GCC_C_LANGUAGE_STANDARD = gnu11;
				GCC_NO_COMMON_BLOCKS = YES;
				GCC_WARN_64_TO_32_BIT_CONVERSION = YES;
				GCC_WARN_ABOUT_RETURN_TYPE = YES_ERROR;
				GCC_WARN_UNDECLARED_SELECTOR = YES;
				GCC_WARN_UNINITIALIZED_AUTOS = YES_AGGRESSIVE;
				GCC_WARN_UNUSED_FUNCTION = YES;
				GCC_WARN_UNUSED_VARIABLE = YES;
				IPHONEOS_DEPLOYMENT_TARGET = 14.5;
				MTL_ENABLE_DEBUG_INFO = NO;
				MTL_FAST_MATH = YES;
				SDKROOT = iphoneos;
				SWIFT_COMPILATION_MODE = wholemodule;
				SWIFT_OPTIMIZATION_LEVEL = "-O";
				VALIDATE_PRODUCT = YES;
			};
			name = Release;
		};
		0362437F264A0DE200B53D88 /* Debug */ = {
			isa = XCBuildConfiguration;
			buildSettings = {
				ASSETCATALOG_COMPILER_APPICON_NAME = AppIcon;
				ASSETCATALOG_COMPILER_GLOBAL_ACCENT_COLOR_NAME = AccentColor;
				CODE_SIGN_STYLE = Automatic;
				DEVELOPMENT_ASSET_PATHS = "\"SwiftUI Demo/Preview Content\"";
				DEVELOPMENT_TEAM = LBSVJ27R57;
				ENABLE_PREVIEWS = YES;
				INFOPLIST_FILE = "SwiftUI Demo/Info.plist";
				IPHONEOS_DEPLOYMENT_TARGET = 14.0;
				LD_RUNPATH_SEARCH_PATHS = (
					"$(inherited)",
					"@executable_path/Frameworks",
				);
				PRODUCT_BUNDLE_IDENTIFIER = "com.oktaviacoding.SwiftUI-Demo";
				PRODUCT_NAME = "$(TARGET_NAME)";
				SWIFT_VERSION = 5.0;
				TARGETED_DEVICE_FAMILY = "1,2";
			};
			name = Debug;
		};
		03624380264A0DE200B53D88 /* Release */ = {
			isa = XCBuildConfiguration;
			buildSettings = {
				ASSETCATALOG_COMPILER_APPICON_NAME = AppIcon;
				ASSETCATALOG_COMPILER_GLOBAL_ACCENT_COLOR_NAME = AccentColor;
				CODE_SIGN_STYLE = Automatic;
				DEVELOPMENT_ASSET_PATHS = "\"SwiftUI Demo/Preview Content\"";
				DEVELOPMENT_TEAM = LBSVJ27R57;
				ENABLE_PREVIEWS = YES;
				INFOPLIST_FILE = "SwiftUI Demo/Info.plist";
				IPHONEOS_DEPLOYMENT_TARGET = 14.0;
				LD_RUNPATH_SEARCH_PATHS = (
					"$(inherited)",
					"@executable_path/Frameworks",
				);
				PRODUCT_BUNDLE_IDENTIFIER = "com.oktaviacoding.SwiftUI-Demo";
				PRODUCT_NAME = "$(TARGET_NAME)";
				SWIFT_VERSION = 5.0;
				TARGETED_DEVICE_FAMILY = "1,2";
			};
			name = Release;
		};
		03624382264A0DE200B53D88 /* Debug */ = {
			isa = XCBuildConfiguration;
			buildSettings = {
				ALWAYS_EMBED_SWIFT_STANDARD_LIBRARIES = YES;
				BUNDLE_LOADER = "$(TEST_HOST)";
				CODE_SIGN_STYLE = Automatic;
				DEVELOPMENT_TEAM = LBSVJ27R57;
				INFOPLIST_FILE = "SwiftUI DemoTests/Info.plist";
				IPHONEOS_DEPLOYMENT_TARGET = 14.0;
				LD_RUNPATH_SEARCH_PATHS = (
					"$(inherited)",
					"@executable_path/Frameworks",
					"@loader_path/Frameworks",
				);
				PRODUCT_BUNDLE_IDENTIFIER = "com.oktaviacoding.SwiftUI-DemoTests";
				PRODUCT_NAME = "$(TARGET_NAME)";
				SWIFT_VERSION = 5.0;
				TARGETED_DEVICE_FAMILY = "1,2";
				TEST_HOST = "$(BUILT_PRODUCTS_DIR)/SwiftUI Demo.app/SwiftUI Demo";
			};
			name = Debug;
		};
		03624383264A0DE200B53D88 /* Release */ = {
			isa = XCBuildConfiguration;
			buildSettings = {
				ALWAYS_EMBED_SWIFT_STANDARD_LIBRARIES = YES;
				BUNDLE_LOADER = "$(TEST_HOST)";
				CODE_SIGN_STYLE = Automatic;
				DEVELOPMENT_TEAM = LBSVJ27R57;
				INFOPLIST_FILE = "SwiftUI DemoTests/Info.plist";
				IPHONEOS_DEPLOYMENT_TARGET = 14.0;
				LD_RUNPATH_SEARCH_PATHS = (
					"$(inherited)",
					"@executable_path/Frameworks",
					"@loader_path/Frameworks",
				);
				PRODUCT_BUNDLE_IDENTIFIER = "com.oktaviacoding.SwiftUI-DemoTests";
				PRODUCT_NAME = "$(TARGET_NAME)";
				SWIFT_VERSION = 5.0;
				TARGETED_DEVICE_FAMILY = "1,2";
				TEST_HOST = "$(BUILT_PRODUCTS_DIR)/SwiftUI Demo.app/SwiftUI Demo";
			};
			name = Release;
		};
		03624385264A0DE200B53D88 /* Debug */ = {
			isa = XCBuildConfiguration;
			buildSettings = {
				ALWAYS_EMBED_SWIFT_STANDARD_LIBRARIES = YES;
				CODE_SIGN_STYLE = Automatic;
				DEVELOPMENT_TEAM = LBSVJ27R57;
				INFOPLIST_FILE = "SwiftUI DemoUITests/Info.plist";
				LD_RUNPATH_SEARCH_PATHS = (
					"$(inherited)",
					"@executable_path/Frameworks",
					"@loader_path/Frameworks",
				);
				PRODUCT_BUNDLE_IDENTIFIER = "com.oktaviacoding.SwiftUI-DemoUITests";
				PRODUCT_NAME = "$(TARGET_NAME)";
				SWIFT_VERSION = 5.0;
				TARGETED_DEVICE_FAMILY = "1,2";
				TEST_TARGET_NAME = "SwiftUI Demo";
			};
			name = Debug;
		};
		03624386264A0DE200B53D88 /* Release */ = {
			isa = XCBuildConfiguration;
			buildSettings = {
				ALWAYS_EMBED_SWIFT_STANDARD_LIBRARIES = YES;
				CODE_SIGN_STYLE = Automatic;
				DEVELOPMENT_TEAM = LBSVJ27R57;
				INFOPLIST_FILE = "SwiftUI DemoUITests/Info.plist";
				LD_RUNPATH_SEARCH_PATHS = (
					"$(inherited)",
					"@executable_path/Frameworks",
					"@loader_path/Frameworks",
				);
				PRODUCT_BUNDLE_IDENTIFIER = "com.oktaviacoding.SwiftUI-DemoUITests";
				PRODUCT_NAME = "$(TARGET_NAME)";
				SWIFT_VERSION = 5.0;
				TARGETED_DEVICE_FAMILY = "1,2";
				TEST_TARGET_NAME = "SwiftUI Demo";
			};
			name = Release;
		};
/* End XCBuildConfiguration section */

/* Begin XCConfigurationList section */
		03624354264A0DE100B53D88 /* Build configuration list for PBXProject "SwiftUI Demo" */ = {
			isa = XCConfigurationList;
			buildConfigurations = (
				0362437C264A0DE200B53D88 /* Debug */,
				0362437D264A0DE200B53D88 /* Release */,
			);
			defaultConfigurationIsVisible = 0;
			defaultConfigurationName = Release;
		};
		0362437E264A0DE200B53D88 /* Build configuration list for PBXNativeTarget "SwiftUI Demo" */ = {
			isa = XCConfigurationList;
			buildConfigurations = (
				0362437F264A0DE200B53D88 /* Debug */,
				03624380264A0DE200B53D88 /* Release */,
			);
			defaultConfigurationIsVisible = 0;
			defaultConfigurationName = Release;
		};
		03624381264A0DE200B53D88 /* Build configuration list for PBXNativeTarget "SwiftUI DemoTests" */ = {
			isa = XCConfigurationList;
			buildConfigurations = (
				03624382264A0DE200B53D88 /* Debug */,
				03624383264A0DE200B53D88 /* Release */,
			);
			defaultConfigurationIsVisible = 0;
			defaultConfigurationName = Release;
		};
		03624384264A0DE200B53D88 /* Build configuration list for PBXNativeTarget "SwiftUI DemoUITests" */ = {
			isa = XCConfigurationList;
			buildConfigurations = (
				03624385264A0DE200B53D88 /* Debug */,
				03624386264A0DE200B53D88 /* Release */,
			);
			defaultConfigurationIsVisible = 0;
			defaultConfigurationName = Release;
		};
/* End XCConfigurationList section */
	};
	rootObject = 03624351264A0DE100B53D88 /* Project object */;
}
